<?xml version="1.0" encoding="utf-8"?>
<Project ToolsVersion="4.0" xmlns="http://schemas.microsoft.com/developer/msbuild/2003">
  <ItemGroup>
    <Filter Include="Source Files">
      <UniqueIdentifier>{4FC737F1-C7A5-4376-A066-2A32D752A2FF}</UniqueIdentifier>
      <Extensions>cpp;c;cxx;def;odl;idl;hpj;bat;asm;asmx</Extensions>
    </Filter>
    <Filter Include="Header Files">
      <UniqueIdentifier>{93995380-89BD-4b04-88EB-625FBE52EBFB}</UniqueIdentifier>
      <Extensions>h;hpp;hxx;hm;inl;inc;xsd</Extensions>
    </Filter>
  </ItemGroup>
  <ItemGroup>
    <ClCompile Include="source\effect_position.c">
      <Filter>Source Files</Filter>
    </ClCompile>
    <ClCompile Include="source\effect_stereoreverse.c">
      <Filter>Source Files</Filter>
    </ClCompile>
    <ClCompile Include="source\effects_internal.c">
      <Filter>Source Files</Filter>
    </ClCompile>
    <ClCompile Include="source\load_aiff.c">
      <Filter>Source Files</Filter>
    </ClCompile>
    <ClCompile Include="source\load_voc.c">
      <Filter>Source Files</Filter>
    </ClCompile>
    <ClCompile Include="source\mixer.c">
      <Filter>Source Files</Filter>
    </ClCompile>
    <ClCompile Include="source\music.c">
      <Filter>Source Files</Filter>
    </ClCompile>
    <ClCompile Include="source\music_cmd.c">
      <Filter>Source Files</Filter>
    </ClCompile>
    <ClCompile Include="source\music_flac.c">
      <Filter>Source Files</Filter>
    </ClCompile>
    <ClCompile Include="source\music_fluidsynth.c">
      <Filter>Source Files</Filter>
    </ClCompile>
    <ClCompile Include="source\music_mad.c">
      <Filter>Source Files</Filter>
    </ClCompile>
    <ClCompile Include="source\music_mikmod.c">
      <Filter>Source Files</Filter>
    </ClCompile>
    <ClCompile Include="source\music_modplug.c">
      <Filter>Source Files</Filter>
    </ClCompile>
    <ClCompile Include="source\music_mpg123.c">
      <Filter>Source Files</Filter>
    </ClCompile>
    <ClCompile Include="source\music_nativemidi.c">
      <Filter>Source Files</Filter>
    </ClCompile>
    <ClCompile Include="source\music_ogg.c">
      <Filter>Source Files</Filter>
    </ClCompile>
    <ClCompile Include="source\music_opus.c">
      <Filter>Source Files</Filter>
    </ClCompile>
    <ClCompile Include="source\music_timidity.c">
      <Filter>Source Files</Filter>
    </ClCompile>
    <ClCompile Include="source\music_wav.c">
      <Filter>Source Files</Filter>
    </ClCompile>
    <ClCompile Include="source\playmus.c">
      <Filter>Source Files</Filter>
    </ClCompile>
    <ClCompile Include="source\playwave.c">
      <Filter>Source Files</Filter>
    </ClCompile>
  </ItemGroup>
  <ItemGroup>
    <ClInclude Include="include\effects_internal.h">
      <Filter>Header Files</Filter>
    </ClInclude>
    <ClInclude Include="include\load_aiff.h">
      <Filter>Header Files</Filter>
    </ClInclude>
    <ClInclude Include="include\load_voc.h">
      <Filter>Header Files</Filter>
    </ClInclude>
    <ClInclude Include="include\mixer.h">
      <Filter>Header Files</Filter>
    </ClInclude>
    <ClInclude Include="include\music.h">
      <Filter>Header Files</Filter>
    </ClInclude>
    <ClInclude Include="include\music_cmd.h">
      <Filter>Header Files</Filter>
    </ClInclude>
    <ClInclude Include="include\music_flac.h">
      <Filter>Header Files</Filter>
    </ClInclude>
    <ClInclude Include="include\music_fluidsynth.h">
      <Filter>Header Files</Filter>
    </ClInclude>
    <ClInclude Include="include\music_mad.h">
      <Filter>Header Files</Filter>
    </ClInclude>
    <ClInclude Include="include\music_mikmod.h">
      <Filter>Header Files</Filter>
    </ClInclude>
    <ClInclude Include="include\music_modplug.h">
      <Filter>Header Files</Filter>
    </ClInclude>
    <ClInclude Include="include\music_mpg123.h">
      <Filter>Header Files</Filter>
    </ClInclude>
    <ClInclude Include="include\music_nativemidi.h">
      <Filter>Header Files</Filter>
    </ClInclude>
    <ClInclude Include="include\music_ogg.h">
      <Filter>Header Files</Filter>
    </ClInclude>
    <ClInclude Include="include\music_opus.h">
      <Filter>Header Files</Filter>
    </ClInclude>
    <ClInclude Include="include\music_timidity.h">
      <Filter>Header Files</Filter>
    </ClInclude>
    <ClInclude Include="include\music_wav.h">
      <Filter>Header Files</Filter>
    </ClInclude>
    <ClInclude Include="include\SDL_mixer.h">
      <Filter>Header Files</Filter>
    </ClInclude>
  </ItemGroup>
  <ItemGroup>
    <Text Include="ReadMe.txt" />
  </ItemGroup>
</Project>