
Microsoft Visual Studio Solution File, Format Version 12.00
# Visual Studio Version 17
VisualStudioVersion = 17.10.35013.160
MinimumVisualStudioVersion = 10.0.40219.1
Project("{8BC9CEB8-8B4A-11D0-8D11-00A0C91BC942}") = "libSDL2x", "libSDL2x.vcxproj", "{7C481C7D-ECA7-4F9E-879C-105784F3543D}"
EndProject
Project("{8BC9CEB8-8B4A-11D0-8D11-00A0C91BC942}") = "Waves", "Samples\waves\Waves.vcxproj", "{1DE3DA07-A999-48CB-BC3A-F7111A23A9B7}"
	ProjectSection(ProjectDependencies) = postProject
		{7C481C7D-ECA7-4F9E-879C-105784F3543D} = {7C481C7D-ECA7-4F9E-879C-105784F3543D}
	EndProjectSection
EndProject
Project("{8BC9CEB8-8B4A-11D0-8D11-00A0C91BC942}") = "libSDL2x_mixer", "libSDL2x_mixer\libSDL2x_mixer.vcxproj", "{08806D45-83D0-45C3-AAEA-3B076B3D8CDA}"
EndProject
Project("{8BC9CEB8-8B4A-11D0-8D11-00A0C91BC942}") = "CheckKeys", "Samples\checkkeys\CheckKeys.vcxproj", "{77283EFC-26FB-4798-A5DC-B2F8F32657A4}"
	ProjectSection(ProjectDependencies) = postProject
		{7C481C7D-ECA7-4F9E-879C-105784F3543D} = {7C481C7D-ECA7-4F9E-879C-105784F3543D}
	EndProjectSection
EndProject
Project("{8BC9CEB8-8B4A-11D0-8D11-00A0C91BC942}") = "LoopWave", "Samples\loopwave\LoopWave.vcxproj", "{84BB37AD-D526-4C5D-89D8-70E53137CD47}"
	ProjectSection(ProjectDependencies) = postProject
		{7C481C7D-ECA7-4F9E-879C-105784F3543D} = {7C481C7D-ECA7-4F9E-879C-105784F3543D}
	EndProjectSection
EndProject
Project("{8BC9CEB8-8B4A-11D0-8D11-00A0C91BC942}") = "Plasma", "Samples\plasma\Plasma.vcxproj", "{BA35D3CC-AD56-423E-BFA5-55B94C087570}"
	ProjectSection(ProjectDependencies) = postProject
		{7C481C7D-ECA7-4F9E-879C-105784F3543D} = {7C481C7D-ECA7-4F9E-879C-105784F3543D}
	EndProjectSection
EndProject
Project("{8BC9CEB8-8B4A-11D0-8D11-00A0C91BC942}") = "RetroNova", "Samples\retronova\RetroNova.vcxproj", "{D1ADCD93-2B95-49DA-9029-E00A4C41DFC9}"
	ProjectSection(ProjectDependencies) = postProject
		{7C481C7D-ECA7-4F9E-879C-105784F3543D} = {7C481C7D-ECA7-4F9E-879C-105784F3543D}
	EndProjectSection
EndProject
Project("{8BC9CEB8-8B4A-11D0-8D11-00A0C91BC942}") = "Starfield", "Samples\starfield\Starfield.vcxproj", "{0171AF6A-7532-4E5E-B37F-EB25BDD7667A}"
	ProjectSection(ProjectDependencies) = postProject
		{7C481C7D-ECA7-4F9E-879C-105784F3543D} = {7C481C7D-ECA7-4F9E-879C-105784F3543D}
	EndProjectSection
EndProject
Project("{8BC9CEB8-8B4A-11D0-8D11-00A0C91BC942}") = "TestDraw2", "Samples\testdraw2\TestDraw2.vcxproj", "{11F5015E-835C-4BB2-AF33-65714833FBC7}"
	ProjectSection(ProjectDependencies) = postProject
		{7C481C7D-ECA7-4F9E-879C-105784F3543D} = {7C481C7D-ECA7-4F9E-879C-105784F3543D}
	EndProjectSection
EndProject
Project("{8BC9CEB8-8B4A-11D0-8D11-00A0C91BC942}") = "TestGameController", "Samples\testgamecontroller\TestGameController.vcxproj", "{5F4333DD-DE5D-4219-B010-4305EAAF3467}"
	ProjectSection(ProjectDependencies) = postProject
		{7C481C7D-ECA7-4F9E-879C-105784F3543D} = {7C481C7D-ECA7-4F9E-879C-105784F3543D}
	EndProjectSection
EndProject
Project("{8BC9CEB8-8B4A-11D0-8D11-00A0C91BC942}") = "TestScale", "Samples\testscale\TestScale.vcxproj", "{0D4387C1-7F3F-4027-8FD8-A85A7CC9790A}"
	ProjectSection(ProjectDependencies) = postProject
		{7C481C7D-ECA7-4F9E-879C-105784F3543D} = {7C481C7D-ECA7-4F9E-879C-105784F3543D}
	EndProjectSection
EndProject
Project("{8BC9CEB8-8B4A-11D0-8D11-00A0C91BC942}") = "TestSprite2", "Samples\testsprite2\TestSprite2.vcxproj", "{84226336-A1D8-47F3-A321-D02AA0EA984F}"
	ProjectSection(ProjectDependencies) = postProject
		{7C481C7D-ECA7-4F9E-879C-105784F3543D} = {7C481C7D-ECA7-4F9E-879C-105784F3543D}
	EndProjectSection
EndProject
Project("{8BC9CEB8-8B4A-11D0-8D11-00A0C91BC942}") = "XboxMixer", "Samples\xboxMixer\XboxMixer.vcxproj", "{AC5891F2-795B-4D53-AFAA-AF4893E00CDC}"
	ProjectSection(ProjectDependencies) = postProject
		{08806D45-83D0-45C3-AAEA-3B076B3D8CDA} = {08806D45-83D0-45C3-AAEA-3B076B3D8CDA}
		{7C481C7D-ECA7-4F9E-879C-105784F3543D} = {7C481C7D-ECA7-4F9E-879C-105784F3543D}
	EndProjectSection
EndProject
Project("{2150E333-8FDC-42A3-9474-1A3956D46DE8}") = "Tests", "Tests", "{08C06746-811D-40D7-8A41-0FFBBE0049A5}"
EndProject
Global
	GlobalSection(SolutionConfigurationPlatforms) = preSolution
		Debug|x86 = Debug|x86
		Release|x86 = Release|x86
	EndGlobalSection
	GlobalSection(ProjectConfigurationPlatforms) = postSolution
		{7C481C7D-ECA7-4F9E-879C-105784F3543D}.Debug|x86.ActiveCfg = Debug|Win32
		{7C481C7D-ECA7-4F9E-879C-105784F3543D}.Debug|x86.Build.0 = Debug|Win32
		{7C481C7D-ECA7-4F9E-879C-105784F3543D}.Release|x86.ActiveCfg = Release|Win32
		{7C481C7D-ECA7-4F9E-879C-105784F3543D}.Release|x86.Build.0 = Release|Win32
		{1DE3DA07-A999-48CB-BC3A-F7111A23A9B7}.Debug|x86.ActiveCfg = Debug|Win32
		{1DE3DA07-A999-48CB-BC3A-F7111A23A9B7}.Debug|x86.Build.0 = Debug|Win32
		{1DE3DA07-A999-48CB-BC3A-F7111A23A9B7}.Release|x86.ActiveCfg = Release|Win32
		{1DE3DA07-A999-48CB-BC3A-F7111A23A9B7}.Release|x86.Build.0 = Release|Win32
		{08806D45-83D0-45C3-AAEA-3B076B3D8CDA}.Debug|x86.ActiveCfg = Debug|Win32
		{08806D45-83D0-45C3-AAEA-3B076B3D8CDA}.Debug|x86.Build.0 = Debug|Win32
		{08806D45-83D0-45C3-AAEA-3B076B3D8CDA}.Release|x86.ActiveCfg = Release|Win32
		{08806D45-83D0-45C3-AAEA-3B076B3D8CDA}.Release|x86.Build.0 = Release|Win32
		{77283EFC-26FB-4798-A5DC-B2F8F32657A4}.Debug|x86.ActiveCfg = Debug|Win32
		{77283EFC-26FB-4798-A5DC-B2F8F32657A4}.Debug|x86.Build.0 = Debug|Win32
		{77283EFC-26FB-4798-A5DC-B2F8F32657A4}.Release|x86.ActiveCfg = Release|Win32
		{77283EFC-26FB-4798-A5DC-B2F8F32657A4}.Release|x86.Build.0 = Release|Win32
		{84BB37AD-D526-4C5D-89D8-70E53137CD47}.Debug|x86.ActiveCfg = Debug|Win32
		{84BB37AD-D526-4C5D-89D8-70E53137CD47}.Debug|x86.Build.0 = Debug|Win32
		{84BB37AD-D526-4C5D-89D8-70E53137CD47}.Release|x86.ActiveCfg = Release|Win32
		{84BB37AD-D526-4C5D-89D8-70E53137CD47}.Release|x86.Build.0 = Release|Win32
		{BA35D3CC-AD56-423E-BFA5-55B94C087570}.Debug|x86.ActiveCfg = Debug|Win32
		{BA35D3CC-AD56-423E-BFA5-55B94C087570}.Debug|x86.Build.0 = Debug|Win32
		{BA35D3CC-AD56-423E-BFA5-55B94C087570}.Release|x86.ActiveCfg = Release|Win32
		{BA35D3CC-AD56-423E-BFA5-55B94C087570}.Release|x86.Build.0 = Release|Win32
		{D1ADCD93-2B95-49DA-9029-E00A4C41DFC9}.Debug|x86.ActiveCfg = Debug|Win32
		{D1ADCD93-2B95-49DA-9029-E00A4C41DFC9}.Debug|x86.Build.0 = Debug|Win32
		{D1ADCD93-2B95-49DA-9029-E00A4C41DFC9}.Release|x86.ActiveCfg = Release|Win32
		{D1ADCD93-2B95-49DA-9029-E00A4C41DFC9}.Release|x86.Build.0 = Release|Win32
		{0171AF6A-7532-4E5E-B37F-EB25BDD7667A}.Debug|x86.ActiveCfg = Debug|Win32
		{0171AF6A-7532-4E5E-B37F-EB25BDD7667A}.Debug|x86.Build.0 = Debug|Win32
		{0171AF6A-7532-4E5E-B37F-EB25BDD7667A}.Release|x86.ActiveCfg = Release|Win32
		{0171AF6A-7532-4E5E-B37F-EB25BDD7667A}.Release|x86.Build.0 = Release|Win32
		{11F5015E-835C-4BB2-AF33-65714833FBC7}.Debug|x86.ActiveCfg = Debug|Win32
		{11F5015E-835C-4BB2-AF33-65714833FBC7}.Debug|x86.Build.0 = Debug|Win32
		{11F5015E-835C-4BB2-AF33-65714833FBC7}.Release|x86.ActiveCfg = Release|Win32
		{11F5015E-835C-4BB2-AF33-65714833FBC7}.Release|x86.Build.0 = Release|Win32
		{5F4333DD-DE5D-4219-B010-4305EAAF3467}.Debug|x86.ActiveCfg = Debug|Win32
		{5F4333DD-DE5D-4219-B010-4305EAAF3467}.Debug|x86.Build.0 = Debug|Win32
		{5F4333DD-DE5D-4219-B010-4305EAAF3467}.Release|x86.ActiveCfg = Release|Win32
		{5F4333DD-DE5D-4219-B010-4305EAAF3467}.Release|x86.Build.0 = Release|Win32
		{0D4387C1-7F3F-4027-8FD8-A85A7CC9790A}.Debug|x86.ActiveCfg = Debug|Win32
		{0D4387C1-7F3F-4027-8FD8-A85A7CC9790A}.Debug|x86.Build.0 = Debug|Win32
		{0D4387C1-7F3F-4027-8FD8-A85A7CC9790A}.Release|x86.ActiveCfg = Release|Win32
		{0D4387C1-7F3F-4027-8FD8-A85A7CC9790A}.Release|x86.Build.0 = Release|Win32
		{84226336-A1D8-47F3-A321-D02AA0EA984F}.Debug|x86.ActiveCfg = Debug|Win32
		{84226336-A1D8-47F3-A321-D02AA0EA984F}.Debug|x86.Build.0 = Debug|Win32
		{84226336-A1D8-47F3-A321-D02AA0EA984F}.Release|x86.ActiveCfg = Release|Win32
		{84226336-A1D8-47F3-A321-D02AA0EA984F}.Release|x86.Build.0 = Release|Win32
		{AC5891F2-795B-4D53-AFAA-AF4893E00CDC}.Debug|x86.ActiveCfg = Debug|Win32
		{AC5891F2-795B-4D53-AFAA-AF4893E00CDC}.Debug|x86.Build.0 = Debug|Win32
		{AC5891F2-795B-4D53-AFAA-AF4893E00CDC}.Release|x86.ActiveCfg = Release|Win32
		{AC5891F2-795B-4D53-AFAA-AF4893E00CDC}.Release|x86.Build.0 = Release|Win32
	EndGlobalSection
	GlobalSection(SolutionProperties) = preSolution
		HideSolutionNode = FALSE
	EndGlobalSection
	GlobalSection(NestedProjects) = preSolution
		{1DE3DA07-A999-48CB-BC3A-F7111A23A9B7} = {08C06746-811D-40D7-8A41-0FFBBE0049A5}
		{77283EFC-26FB-4798-A5DC-B2F8F32657A4} = {08C06746-811D-40D7-8A41-0FFBBE0049A5}
		{84BB37AD-D526-4C5D-89D8-70E53137CD47} = {08C06746-811D-40D7-8A41-0FFBBE0049A5}
		{BA35D3CC-AD56-423E-BFA5-55B94C087570} = {08C06746-811D-40D7-8A41-0FFBBE0049A5}
		{D1ADCD93-2B95-49DA-9029-E00A4C41DFC9} = {08C06746-811D-40D7-8A41-0FFBBE0049A5}
		{0171AF6A-7532-4E5E-B37F-EB25BDD7667A} = {08C06746-811D-40D7-8A41-0FFBBE0049A5}
		{11F5015E-835C-4BB2-AF33-65714833FBC7} = {08C06746-811D-40D7-8A41-0FFBBE0049A5}
		{5F4333DD-DE5D-4219-B010-4305EAAF3467} = {08C06746-811D-40D7-8A41-0FFBBE0049A5}
		{0D4387C1-7F3F-4027-8FD8-A85A7CC9790A} = {08C06746-811D-40D7-8A41-0FFBBE0049A5}
		{84226336-A1D8-47F3-A321-D02AA0EA984F} = {08C06746-811D-40D7-8A41-0FFBBE0049A5}
		{AC5891F2-795B-4D53-AFAA-AF4893E00CDC} = {08C06746-811D-40D7-8A41-0FFBBE0049A5}
	EndGlobalSection
	GlobalSection(ExtensibilityGlobals) = postSolution
		SolutionGuid = {0A16CDAF-36CC-4E42-94AC-D4F421962F63}
	EndGlobalSection
EndGlobal
